
Microsoft Visual Studio Solution File, Format Version 12.00
# Visual Studio Version 17
VisualStudioVersion = 17.8.34322.80
MinimumVisualStudioVersion = 10.0.40219.1
Project("{8BC9CEB8-8B4A-11D0-8D11-00A0C91BC942}") = "pg_odev2", "pg_odev2.vcxproj", "{F40F9AF1-343D-4347-994B-3FAAF1F4D197}"
EndProject
Global
	GlobalSection(SolutionConfigurationPlatforms) = preSolution
		Debug|x64 = Debug|x64
		Debug|x86 = Debug|x86
		Release|x64 = Release|x64
		Release|x86 = Release|x86
	EndGlobalSection
	GlobalSection(ProjectConfigurationPlatforms) = postSolution
		{F40F9AF1-343D-4347-994B-3FAAF1F4D197}.Debug|x64.ActiveCfg = Debug|x64
		{F40F9AF1-343D-4347-994B-3FAAF1F4D197}.Debug|x64.Build.0 = Debug|x64
		{F40F9AF1-343D-4347-994B-3FAAF1F4D197}.Debug|x86.ActiveCfg = Debug|Win32
		{F40F9AF1-343D-4347-994B-3FAAF1F4D197}.Debug|x86.Build.0 = Debug|Win32
		{F40F9AF1-343D-4347-994B-3FAAF1F4D197}.Release|x64.ActiveCfg = Release|x64
		{F40F9AF1-343D-4347-994B-3FAAF1F4D197}.Release|x64.Build.0 = Release|x64
		{F40F9AF1-343D-4347-994B-3FAAF1F4D197}.Release|x86.ActiveCfg = Release|Win32
		{F40F9AF1-343D-4347-994B-3FAAF1F4D197}.Release|x86.Build.0 = Release|Win32
	EndGlobalSection
	GlobalSection(SolutionProperties) = preSolution
		HideSolutionNode = FALSE
	EndGlobalSection
	GlobalSection(ExtensibilityGlobals) = postSolution
		SolutionGuid = {5D00ECE9-54D7-4039-A66F-D984F311A3E7}
	EndGlobalSection
EndGlobal
